{
  "name": "eryn-test",
  "version": "0.2.6",
  "lockfileVersion": 1,
  "requires": true,
  "dependencies": {
    "@exom-dev/jshiyou": {
      "version": "1.0.0",
      "resolved": "https://registry.npmjs.org/@exom-dev/jshiyou/-/jshiyou-1.0.0.tgz",
      "integrity": "sha512-MKpV9VcEvIZQ87j57YOHHc09eYaaINXiMaOGbD8quHtfGJ8K4hrlLtvEXLWsauKirRs/MaI7SV8q7Awbstn8gA=="
    }
  }
}
